
Microsoft Visual Studio Solution File, Format Version 12.00
# Visual Studio Version 17
VisualStudioVersion = 17.8.34408.163
MinimumVisualStudioVersion = 10.0.40219.1
Project("{9A19103F-16F7-4668-BE54-9A1E7A4F7556}") = "otel_server2", "otel_server2.csproj", "{DAAC5ECB-C4C9-4D5A-8A3D-496CD068FCDD}"
EndProject
Global
	GlobalSection(SolutionConfigurationPlatforms) = preSolution
		Debug|Any CPU = Debug|Any CPU
		Release|Any CPU = Release|Any CPU
	EndGlobalSection
	GlobalSection(ProjectConfigurationPlatforms) = postSolution
		{DAAC5ECB-C4C9-4D5A-8A3D-496CD068FCDD}.Debug|Any CPU.ActiveCfg = Debug|Any CPU
		{DAAC5ECB-C4C9-4D5A-8A3D-496CD068FCDD}.Debug|Any CPU.Build.0 = Debug|Any CPU
		{DAAC5ECB-C4C9-4D5A-8A3D-496CD068FCDD}.Release|Any CPU.ActiveCfg = Release|Any CPU
		{DAAC5ECB-C4C9-4D5A-8A3D-496CD068FCDD}.Release|Any CPU.Build.0 = Release|Any CPU
	EndGlobalSection
	GlobalSection(SolutionProperties) = preSolution
		HideSolutionNode = FALSE
	EndGlobalSection
	GlobalSection(ExtensibilityGlobals) = postSolution
		SolutionGuid = {622CB951-F0C3-46FA-8928-557045A393C2}
	EndGlobalSection
EndGlobal
