
Microsoft Visual Studio Solution File, Format Version 12.00
# Visual Studio Version 17
VisualStudioVersion = 17.5.002.0
MinimumVisualStudioVersion = 10.0.40219.1
Project("{9A19103F-16F7-4668-BE54-9A1E7A4F7556}") = "aspnet_otel2", "aspnet_otel2.csproj", "{708FE175-4485-48E6-8E25-2D73BDEAEAE2}"
EndProject
Global
	GlobalSection(SolutionConfigurationPlatforms) = preSolution
		Debug|Any CPU = Debug|Any CPU
		Release|Any CPU = Release|Any CPU
	EndGlobalSection
	GlobalSection(ProjectConfigurationPlatforms) = postSolution
		{708FE175-4485-48E6-8E25-2D73BDEAEAE2}.Debug|Any CPU.ActiveCfg = Debug|Any CPU
		{708FE175-4485-48E6-8E25-2D73BDEAEAE2}.Debug|Any CPU.Build.0 = Debug|Any CPU
		{708FE175-4485-48E6-8E25-2D73BDEAEAE2}.Release|Any CPU.ActiveCfg = Release|Any CPU
		{708FE175-4485-48E6-8E25-2D73BDEAEAE2}.Release|Any CPU.Build.0 = Release|Any CPU
	EndGlobalSection
	GlobalSection(SolutionProperties) = preSolution
		HideSolutionNode = FALSE
	EndGlobalSection
	GlobalSection(ExtensibilityGlobals) = postSolution
		SolutionGuid = {84105F52-DEFE-47FE-9A4D-BC7DCD8CE751}
	EndGlobalSection
EndGlobal
