
Microsoft Visual Studio Solution File, Format Version 12.00
# Visual Studio Version 17
VisualStudioVersion = 17.0.31903.59
MinimumVisualStudioVersion = 10.0.40219.1
Project("{FAE04EC0-301F-11D3-BF4B-00C04F79EFBC}") = "console", "console\console.csproj", "{7DDA76CB-1774-4B18-B67B-D224EB312D08}"
EndProject
Project("{FAE04EC0-301F-11D3-BF4B-00C04F79EFBC}") = "library", "library\library.csproj", "{1571C738-A506-4080-8778-08EDE4FF6F60}"
EndProject
Project("{FAE04EC0-301F-11D3-BF4B-00C04F79EFBC}") = "aspnet_otel2", "aspnet_otel2\aspnet_otel2.csproj", "{1F3D1989-5D50-497A-9B50-067C070A8A1B}"
EndProject
Project("{FAE04EC0-301F-11D3-BF4B-00C04F79EFBC}") = "grpc_otel", "grpc_otel\grpc_otel.csproj", "{04A798D4-8AE1-4BD0-99AA-208DDFBB6153}"
EndProject
Global
	GlobalSection(SolutionConfigurationPlatforms) = preSolution
		Debug|Any CPU = Debug|Any CPU
		Release|Any CPU = Release|Any CPU
	EndGlobalSection
	GlobalSection(SolutionProperties) = preSolution
		HideSolutionNode = FALSE
	EndGlobalSection
	GlobalSection(ProjectConfigurationPlatforms) = postSolution
		{7DDA76CB-1774-4B18-B67B-D224EB312D08}.Debug|Any CPU.ActiveCfg = Debug|Any CPU
		{7DDA76CB-1774-4B18-B67B-D224EB312D08}.Debug|Any CPU.Build.0 = Debug|Any CPU
		{7DDA76CB-1774-4B18-B67B-D224EB312D08}.Release|Any CPU.ActiveCfg = Release|Any CPU
		{7DDA76CB-1774-4B18-B67B-D224EB312D08}.Release|Any CPU.Build.0 = Release|Any CPU
		{1571C738-A506-4080-8778-08EDE4FF6F60}.Debug|Any CPU.ActiveCfg = Debug|Any CPU
		{1571C738-A506-4080-8778-08EDE4FF6F60}.Debug|Any CPU.Build.0 = Debug|Any CPU
		{1571C738-A506-4080-8778-08EDE4FF6F60}.Release|Any CPU.ActiveCfg = Release|Any CPU
		{1571C738-A506-4080-8778-08EDE4FF6F60}.Release|Any CPU.Build.0 = Release|Any CPU
		{1F3D1989-5D50-497A-9B50-067C070A8A1B}.Debug|Any CPU.ActiveCfg = Debug|Any CPU
		{1F3D1989-5D50-497A-9B50-067C070A8A1B}.Debug|Any CPU.Build.0 = Debug|Any CPU
		{1F3D1989-5D50-497A-9B50-067C070A8A1B}.Release|Any CPU.ActiveCfg = Release|Any CPU
		{1F3D1989-5D50-497A-9B50-067C070A8A1B}.Release|Any CPU.Build.0 = Release|Any CPU
		{04A798D4-8AE1-4BD0-99AA-208DDFBB6153}.Debug|Any CPU.ActiveCfg = Debug|Any CPU
		{04A798D4-8AE1-4BD0-99AA-208DDFBB6153}.Debug|Any CPU.Build.0 = Debug|Any CPU
		{04A798D4-8AE1-4BD0-99AA-208DDFBB6153}.Release|Any CPU.ActiveCfg = Release|Any CPU
		{04A798D4-8AE1-4BD0-99AA-208DDFBB6153}.Release|Any CPU.Build.0 = Release|Any CPU
	EndGlobalSection
EndGlobal
